
Microsoft Visual Studio Solution File, Format Version 12.00
# Visual Studio Version 17
VisualStudioVersion = 17.5.002.0
MinimumVisualStudioVersion = 10.0.40219.1
Project("{9A19103F-16F7-4668-BE54-9A1E7A4F7556}") = "OOP", "OOP.csproj", "{7828ECE2-67DE-4CDC-86D5-DA8190A01779}"
EndProject
Global
	GlobalSection(SolutionConfigurationPlatforms) = preSolution
		Debug|Any CPU = Debug|Any CPU
		Release|Any CPU = Release|Any CPU
	EndGlobalSection
	GlobalSection(ProjectConfigurationPlatforms) = postSolution
		{7828ECE2-67DE-4CDC-86D5-DA8190A01779}.Debug|Any CPU.ActiveCfg = Debug|Any CPU
		{7828ECE2-67DE-4CDC-86D5-DA8190A01779}.Debug|Any CPU.Build.0 = Debug|Any CPU
		{7828ECE2-67DE-4CDC-86D5-DA8190A01779}.Release|Any CPU.ActiveCfg = Release|Any CPU
		{7828ECE2-67DE-4CDC-86D5-DA8190A01779}.Release|Any CPU.Build.0 = Release|Any CPU
	EndGlobalSection
	GlobalSection(SolutionProperties) = preSolution
		HideSolutionNode = FALSE
	EndGlobalSection
	GlobalSection(ExtensibilityGlobals) = postSolution
		SolutionGuid = {3C81C8BB-06A7-46C2-BE98-825A7F7623AF}
	EndGlobalSection
EndGlobal
